// !$*UTF8*$!
{
	archiveVersion = 1;
	classes = {
	};
	objectVersion = 50;
	objects = {

/* Begin PBXBuildFile section */
		E73E830B221DC72A006A86B2 /* MostlyAdequateGuide.framework in Frameworks */ = {isa = PBXBuildFile; fileRef = E73E8301221DC72A006A86B2 /* MostlyAdequateGuide.framework */; };
		E73E8310221DC72A006A86B2 /* MostlyAdequateGuideTests.swift in Sources */ = {isa = PBXBuildFile; fileRef = E73E830F221DC72A006A86B2 /* MostlyAdequateGuideTests.swift */; };
		E73E8312221DC72A006A86B2 /* MostlyAdequateGuide.h in Headers */ = {isa = PBXBuildFile; fileRef = E73E8304221DC72A006A86B2 /* MostlyAdequateGuide.h */; settings = {ATTRIBUTES = (Public, ); }; };
		E73E8322221DC85C006A86B2 /* Curry.swift in Sources */ = {isa = PBXBuildFile; fileRef = E73E831D221DC85C006A86B2 /* Curry.swift */; };
		E73E8323221DC85C006A86B2 /* Identity.swift in Sources */ = {isa = PBXBuildFile; fileRef = E73E831F221DC85C006A86B2 /* Identity.swift */; };
		E73E8324221DC85C006A86B2 /* Split.swift in Sources */ = {isa = PBXBuildFile; fileRef = E73E8321221DC85C006A86B2 /* Split.swift */; };
		E73E8326221DC8D9006A86B2 /* Chapter4Tests.swift in Sources */ = {isa = PBXBuildFile; fileRef = E73E8325221DC8D9006A86B2 /* Chapter4Tests.swift */; };
/* End PBXBuildFile section */

/* Begin PBXContainerItemProxy section */
		E73E830C221DC72A006A86B2 /* PBXContainerItemProxy */ = {
			isa = PBXContainerItemProxy;
			containerPortal = E73E82F8221DC72A006A86B2 /* Project object */;
			proxyType = 1;
			remoteGlobalIDString = E73E8300221DC72A006A86B2;
			remoteInfo = MostlyAdequateGuide;
		};
/* End PBXContainerItemProxy section */

/* Begin PBXFileReference section */
		E73E8301221DC72A006A86B2 /* MostlyAdequateGuide.framework */ = {isa = PBXFileReference; explicitFileType = wrapper.framework; includeInIndex = 0; path = MostlyAdequateGuide.framework; sourceTree = BUILT_PRODUCTS_DIR; };
		E73E8304221DC72A006A86B2 /* MostlyAdequateGuide.h */ = {isa = PBXFileReference; lastKnownFileType = sourcecode.c.h; path = MostlyAdequateGuide.h; sourceTree = "<group>"; };
		E73E8305221DC72A006A86B2 /* Info.plist */ = {isa = PBXFileReference; lastKnownFileType = text.plist.xml; path = Info.plist; sourceTree = "<group>"; };
		E73E830A221DC72A006A86B2 /* MostlyAdequateGuideTests.xctest */ = {isa = PBXFileReference; explicitFileType = wrapper.cfbundle; includeInIndex = 0; path = MostlyAdequateGuideTests.xctest; sourceTree = BUILT_PRODUCTS_DIR; };
		E73E830F221DC72A006A86B2 /* MostlyAdequateGuideTests.swift */ = {isa = PBXFileReference; lastKnownFileType = sourcecode.swift; path = MostlyAdequateGuideTests.swift; sourceTree = "<group>"; };
		E73E8311221DC72A006A86B2 /* Info.plist */ = {isa = PBXFileReference; lastKnownFileType = text.plist.xml; path = Info.plist; sourceTree = "<group>"; };
		E73E831D221DC85C006A86B2 /* Curry.swift */ = {isa = PBXFileReference; fileEncoding = 4; lastKnownFileType = sourcecode.swift; path = Curry.swift; sourceTree = "<group>"; };
		E73E831F221DC85C006A86B2 /* Identity.swift */ = {isa = PBXFileReference; fileEncoding = 4; lastKnownFileType = sourcecode.swift; path = Identity.swift; sourceTree = "<group>"; };
		E73E8321221DC85C006A86B2 /* Split.swift */ = {isa = PBXFileReference; fileEncoding = 4; lastKnownFileType = sourcecode.swift; path = Split.swift; sourceTree = "<group>"; };
		E73E8325221DC8D9006A86B2 /* Chapter4Tests.swift */ = {isa = PBXFileReference; lastKnownFileType = sourcecode.swift; path = Chapter4Tests.swift; sourceTree = "<group>"; };
/* End PBXFileReference section */

/* Begin PBXFrameworksBuildPhase section */
		E73E82FE221DC72A006A86B2 /* Frameworks */ = {
			isa = PBXFrameworksBuildPhase;
			buildActionMask = 2147483647;
			files = (
			);
			runOnlyForDeploymentPostprocessing = 0;
		};
		E73E8307221DC72A006A86B2 /* Frameworks */ = {
			isa = PBXFrameworksBuildPhase;
			buildActionMask = 2147483647;
			files = (
				E73E830B221DC72A006A86B2 /* MostlyAdequateGuide.framework in Frameworks */,
			);
			runOnlyForDeploymentPostprocessing = 0;
		};
/* End PBXFrameworksBuildPhase section */

/* Begin PBXGroup section */
		E73E82F7221DC72A006A86B2 = {
			isa = PBXGroup;
			children = (
				E73E8303221DC72A006A86B2 /* MostlyAdequateGuide */,
				E73E830E221DC72A006A86B2 /* MostlyAdequateGuideTests */,
				E73E8302221DC72A006A86B2 /* Products */,
			);
			sourceTree = "<group>";
		};
		E73E8302221DC72A006A86B2 /* Products */ = {
			isa = PBXGroup;
			children = (
				E73E8301221DC72A006A86B2 /* MostlyAdequateGuide.framework */,
				E73E830A221DC72A006A86B2 /* MostlyAdequateGuideTests.xctest */,
			);
			name = Products;
			sourceTree = "<group>";
		};
		E73E8303221DC72A006A86B2 /* MostlyAdequateGuide */ = {
			isa = PBXGroup;
			children = (
				E73E831B221DC85C006A86B2 /* Appendix Support */,
				E73E8304221DC72A006A86B2 /* MostlyAdequateGuide.h */,
				E73E8305221DC72A006A86B2 /* Info.plist */,
			);
			path = MostlyAdequateGuide;
			sourceTree = "<group>";
		};
		E73E830E221DC72A006A86B2 /* MostlyAdequateGuideTests */ = {
			isa = PBXGroup;
			children = (
				E73E830F221DC72A006A86B2 /* MostlyAdequateGuideTests.swift */,
				E73E8311221DC72A006A86B2 /* Info.plist */,
				E73E8325221DC8D9006A86B2 /* Chapter4Tests.swift */,
			);
			path = MostlyAdequateGuideTests;
			sourceTree = "<group>";
		};
		E73E831B221DC85C006A86B2 /* Appendix Support */ = {
			isa = PBXGroup;
			children = (
				E73E831C221DC85C006A86B2 /* FunctionalSupport */,
				E73E831E221DC85C006A86B2 /* AlgebraicStructuresSupport */,
				E73E8320221DC85C006A86B2 /* PointFreeUtilities */,
			);
			path = "Appendix Support";
			sourceTree = "<group>";
		};
		E73E831C221DC85C006A86B2 /* FunctionalSupport */ = {
			isa = PBXGroup;
			children = (
				E73E831D221DC85C006A86B2 /* Curry.swift */,
			);
			path = FunctionalSupport;
			sourceTree = "<group>";
		};
		E73E831E221DC85C006A86B2 /* AlgebraicStructuresSupport */ = {
			isa = PBXGroup;
			children = (
				E73E831F221DC85C006A86B2 /* Identity.swift */,
			);
			path = AlgebraicStructuresSupport;
			sourceTree = "<group>";
		};
		E73E8320221DC85C006A86B2 /* PointFreeUtilities */ = {
			isa = PBXGroup;
			children = (
				E73E8321221DC85C006A86B2 /* Split.swift */,
			);
			path = PointFreeUtilities;
			sourceTree = "<group>";
		};
/* End PBXGroup section */

/* Begin PBXHeadersBuildPhase section */
		E73E82FC221DC72A006A86B2 /* Headers */ = {
			isa = PBXHeadersBuildPhase;
			buildActionMask = 2147483647;
			files = (
				E73E8312221DC72A006A86B2 /* MostlyAdequateGuide.h in Headers */,
			);
			runOnlyForDeploymentPostprocessing = 0;
		};
/* End PBXHeadersBuildPhase section */

/* Begin PBXNativeTarget section */
		E73E8300221DC72A006A86B2 /* MostlyAdequateGuide */ = {
			isa = PBXNativeTarget;
			buildConfigurationList = E73E8315221DC72A006A86B2 /* Build configuration list for PBXNativeTarget "MostlyAdequateGuide" */;
			buildPhases = (
				E73E82FC221DC72A006A86B2 /* Headers */,
				E73E82FD221DC72A006A86B2 /* Sources */,
				E73E82FE221DC72A006A86B2 /* Frameworks */,
				E73E82FF221DC72A006A86B2 /* Resources */,
			);
			buildRules = (
			);
			dependencies = (
			);
			name = MostlyAdequateGuide;
			productName = MostlyAdequateGuide;
			productReference = E73E8301221DC72A006A86B2 /* MostlyAdequateGuide.framework */;
			productType = "com.apple.product-type.framework";
		};
		E73E8309221DC72A006A86B2 /* MostlyAdequateGuideTests */ = {
			isa = PBXNativeTarget;
			buildConfigurationList = E73E8318221DC72A006A86B2 /* Build configuration list for PBXNativeTarget "MostlyAdequateGuideTests" */;
			buildPhases = (
				E73E8306221DC72A006A86B2 /* Sources */,
				E73E8307221DC72A006A86B2 /* Frameworks */,
				E73E8308221DC72A006A86B2 /* Resources */,
			);
			buildRules = (
			);
			dependencies = (
				E73E830D221DC72A006A86B2 /* PBXTargetDependency */,
			);
			name = MostlyAdequateGuideTests;
			productName = MostlyAdequateGuideTests;
			productReference = E73E830A221DC72A006A86B2 /* MostlyAdequateGuideTests.xctest */;
			productType = "com.apple.product-type.bundle.unit-test";
		};
/* End PBXNativeTarget section */

/* Begin PBXProject section */
		E73E82F8221DC72A006A86B2 /* Project object */ = {
			isa = PBXProject;
			attributes = {
				LastSwiftUpdateCheck = 1010;
				LastUpgradeCheck = 1010;
				ORGANIZATIONNAME = "George Webster";
				TargetAttributes = {
					E73E8300221DC72A006A86B2 = {
						CreatedOnToolsVersion = 10.1;
					};
					E73E8309221DC72A006A86B2 = {
						CreatedOnToolsVersion = 10.1;
					};
				};
			};
			buildConfigurationList = E73E82FB221DC72A006A86B2 /* Build configuration list for PBXProject "MostlyAdequateGuide" */;
			compatibilityVersion = "Xcode 9.3";
			developmentRegion = en;
			hasScannedForEncodings = 0;
			knownRegions = (
				en,
			);
			mainGroup = E73E82F7221DC72A006A86B2;
			productRefGroup = E73E8302221DC72A006A86B2 /* Products */;
			projectDirPath = "";
			projectRoot = "";
			targets = (
				E73E8300221DC72A006A86B2 /* MostlyAdequateGuide */,
				E73E8309221DC72A006A86B2 /* MostlyAdequateGuideTests */,
			);
		};
/* End PBXProject section */

/* Begin PBXResourcesBuildPhase section */
		E73E82FF221DC72A006A86B2 /* Resources */ = {
			isa = PBXResourcesBuildPhase;
			buildActionMask = 2147483647;
			files = (
			);
			runOnlyForDeploymentPostprocessing = 0;
		};
		E73E8308221DC72A006A86B2 /* Resources */ = {
			isa = PBXResourcesBuildPhase;
			buildActionMask = 2147483647;
			files = (
			);
			runOnlyForDeploymentPostprocessing = 0;
		};
/* End PBXResourcesBuildPhase section */

/* Begin PBXSourcesBuildPhase section */
		E73E82FD221DC72A006A86B2 /* Sources */ = {
			isa = PBXSourcesBuildPhase;
			buildActionMask = 2147483647;
			files = (
				E73E8322221DC85C006A86B2 /* Curry.swift in Sources */,
				E73E8324221DC85C006A86B2 /* Split.swift in Sources */,
				E73E8323221DC85C006A86B2 /* Identity.swift in Sources */,
			);
			runOnlyForDeploymentPostprocessing = 0;
		};
		E73E8306221DC72A006A86B2 /* Sources */ = {
			isa = PBXSourcesBuildPhase;
			buildActionMask = 2147483647;
			files = (
				E73E8326221DC8D9006A86B2 /* Chapter4Tests.swift in Sources */,
				E73E8310221DC72A006A86B2 /* MostlyAdequateGuideTests.swift in Sources */,
			);
			runOnlyForDeploymentPostprocessing = 0;
		};
/* End PBXSourcesBuildPhase section */

/* Begin PBXTargetDependency section */
		E73E830D221DC72A006A86B2 /* PBXTargetDependency */ = {
			isa = PBXTargetDependency;
			target = E73E8300221DC72A006A86B2 /* MostlyAdequateGuide */;
			targetProxy = E73E830C221DC72A006A86B2 /* PBXContainerItemProxy */;
		};
/* End PBXTargetDependency section */

/* Begin XCBuildConfiguration section */
		E73E8313221DC72A006A86B2 /* Debug */ = {
			isa = XCBuildConfiguration;
			buildSettings = {
				ALWAYS_SEARCH_USER_PATHS = NO;
				CLANG_ANALYZER_NONNULL = YES;
				CLANG_ANALYZER_NUMBER_OBJECT_CONVERSION = YES_AGGRESSIVE;
				CLANG_CXX_LANGUAGE_STANDARD = "gnu++14";
				CLANG_CXX_LIBRARY = "libc++";
				CLANG_ENABLE_MODULES = YES;
				CLANG_ENABLE_OBJC_ARC = YES;
				CLANG_ENABLE_OBJC_WEAK = YES;
				CLANG_WARN_BLOCK_CAPTURE_AUTORELEASING = YES;
				CLANG_WARN_BOOL_CONVERSION = YES;
				CLANG_WARN_COMMA = YES;
				CLANG_WARN_CONSTANT_CONVERSION = YES;
				CLANG_WARN_DEPRECATED_OBJC_IMPLEMENTATIONS = YES;
				CLANG_WARN_DIRECT_OBJC_ISA_USAGE = YES_ERROR;
				CLANG_WARN_DOCUMENTATION_COMMENTS = YES;
				CLANG_WARN_EMPTY_BODY = YES;
				CLANG_WARN_ENUM_CONVERSION = YES;
				CLANG_WARN_INFINITE_RECURSION = YES;
				CLANG_WARN_INT_CONVERSION = YES;
				CLANG_WARN_NON_LITERAL_NULL_CONVERSION = YES;
				CLANG_WARN_OBJC_IMPLICIT_RETAIN_SELF = YES;
				CLANG_WARN_OBJC_LITERAL_CONVERSION = YES;
				CLANG_WARN_OBJC_ROOT_CLASS = YES_ERROR;
				CLANG_WARN_RANGE_LOOP_ANALYSIS = YES;
				CLANG_WARN_STRICT_PROTOTYPES = YES;
				CLANG_WARN_SUSPICIOUS_MOVE = YES;
				CLANG_WARN_UNGUARDED_AVAILABILITY = YES_AGGRESSIVE;
				CLANG_WARN_UNREACHABLE_CODE = YES;
				CLANG_WARN__DUPLICATE_METHOD_MATCH = YES;
				CODE_SIGN_IDENTITY = "iPhone Developer";
				COPY_PHASE_STRIP = NO;
				CURRENT_PROJECT_VERSION = 1;
				DEBUG_INFORMATION_FORMAT = dwarf;
				ENABLE_STRICT_OBJC_MSGSEND = YES;
				ENABLE_TESTABILITY = YES;
				GCC_C_LANGUAGE_STANDARD = gnu11;
				GCC_DYNAMIC_NO_PIC = NO;
				GCC_NO_COMMON_BLOCKS = YES;
				GCC_OPTIMIZATION_LEVEL = 0;
				GCC_PREPROCESSOR_DEFINITIONS = (
					"DEBUG=1",
					"$(inherited)",
				);
				GCC_WARN_64_TO_32_BIT_CONVERSION = YES;
				GCC_WARN_ABOUT_RETURN_TYPE = YES_ERROR;
				GCC_WARN_UNDECLARED_SELECTOR = YES;
				GCC_WARN_UNINITIALIZED_AUTOS = YES_AGGRESSIVE;
				GCC_WARN_UNUSED_FUNCTION = YES;
				GCC_WARN_UNUSED_VARIABLE = YES;
				IPHONEOS_DEPLOYMENT_TARGET = 12.1;
				MTL_ENABLE_DEBUG_INFO = INCLUDE_SOURCE;
				MTL_FAST_MATH = YES;
				ONLY_ACTIVE_ARCH = YES;
				SDKROOT = iphoneos;
				SWIFT_ACTIVE_COMPILATION_CONDITIONS = DEBUG;
				SWIFT_OPTIMIZATION_LEVEL = "-Onone";
				VERSIONING_SYSTEM = "apple-generic";
				VERSION_INFO_PREFIX = "";
			};
			name = Debug;
		};
		E73E8314221DC72A006A86B2 /* Release */ = {
			isa = XCBuildConfiguration;
			buildSettings = {
				ALWAYS_SEARCH_USER_PATHS = NO;
				CLANG_ANALYZER_NONNULL = YES;
				CLANG_ANALYZER_NUMBER_OBJECT_CONVERSION = YES_AGGRESSIVE;
				CLANG_CXX_LANGUAGE_STANDARD = "gnu++14";
				CLANG_CXX_LIBRARY = "libc++";
				CLANG_ENABLE_MODULES = YES;
				CLANG_ENABLE_OBJC_ARC = YES;
				CLANG_ENABLE_OBJC_WEAK = YES;
				CLANG_WARN_BLOCK_CAPTURE_AUTORELEASING = YES;
				CLANG_WARN_BOOL_CONVERSION = YES;
				CLANG_WARN_COMMA = YES;
				CLANG_WARN_CONSTANT_CONVERSION = YES;
				CLANG_WARN_DEPRECATED_OBJC_IMPLEMENTATIONS = YES;
				CLANG_WARN_DIRECT_OBJC_ISA_USAGE = YES_ERROR;
				CLANG_WARN_DOCUMENTATION_COMMENTS = YES;
				CLANG_WARN_EMPTY_BODY = YES;
				CLANG_WARN_ENUM_CONVERSION = YES;
				CLANG_WARN_INFINITE_RECURSION = YES;
				CLANG_WARN_INT_CONVERSION = YES;
				CLANG_WARN_NON_LITERAL_NULL_CONVERSION = YES;
				CLANG_WARN_OBJC_IMPLICIT_RETAIN_SELF = YES;
				CLANG_WARN_OBJC_LITERAL_CONVERSION = YES;
				CLANG_WARN_OBJC_ROOT_CLASS = YES_ERROR;
				CLANG_WARN_RANGE_LOOP_ANALYSIS = YES;
				CLANG_WARN_STRICT_PROTOTYPES = YES;
				CLANG_WARN_SUSPICIOUS_MOVE = YES;
				CLANG_WARN_UNGUARDED_AVAILABILITY = YES_AGGRESSIVE;
				CLANG_WARN_UNREACHABLE_CODE = YES;
				CLANG_WARN__DUPLICATE_METHOD_MATCH = YES;
				CODE_SIGN_IDENTITY = "iPhone Developer";
				COPY_PHASE_STRIP = NO;
				CURRENT_PROJECT_VERSION = 1;
				DEBUG_INFORMATION_FORMAT = "dwarf-with-dsym";
				ENABLE_NS_ASSERTIONS = NO;
				ENABLE_STRICT_OBJC_MSGSEND = YES;
				GCC_C_LANGUAGE_STANDARD = gnu11;
				GCC_NO_COMMON_BLOCKS = YES;
				GCC_WARN_64_TO_32_BIT_CONVERSION = YES;
				GCC_WARN_ABOUT_RETURN_TYPE = YES_ERROR;
				GCC_WARN_UNDECLARED_SELECTOR = YES;
				GCC_WARN_UNINITIALIZED_AUTOS = YES_AGGRESSIVE;
				GCC_WARN_UNUSED_FUNCTION = YES;
				GCC_WARN_UNUSED_VARIABLE = YES;
				IPHONEOS_DEPLOYMENT_TARGET = 12.1;
				MTL_ENABLE_DEBUG_INFO = NO;
				MTL_FAST_MATH = YES;
				SDKROOT = iphoneos;
				SWIFT_COMPILATION_MODE = wholemodule;
				SWIFT_OPTIMIZATION_LEVEL = "-O";
				VALIDATE_PRODUCT = YES;
				VERSIONING_SYSTEM = "apple-generic";
				VERSION_INFO_PREFIX = "";
			};
			name = Release;
		};
		E73E8316221DC72A006A86B2 /* Debug */ = {
			isa = XCBuildConfiguration;
			buildSettings = {
				CODE_SIGN_IDENTITY = "";
				CODE_SIGN_STYLE = Automatic;
				DEFINES_MODULE = YES;
				DYLIB_COMPATIBILITY_VERSION = 1;
				DYLIB_CURRENT_VERSION = 1;
				DYLIB_INSTALL_NAME_BASE = "@rpath";
				INFOPLIST_FILE = MostlyAdequateGuide/Info.plist;
				INSTALL_PATH = "$(LOCAL_LIBRARY_DIR)/Frameworks";
				LD_RUNPATH_SEARCH_PATHS = (
					"$(inherited)",
					"@executable_path/Frameworks",
					"@loader_path/Frameworks",
				);
				PRODUCT_BUNDLE_IDENTIFIER = com.ethyreal.MostlyAdequateGuide;
				PRODUCT_NAME = "$(TARGET_NAME:c99extidentifier)";
				SKIP_INSTALL = YES;
				SWIFT_VERSION = 4.2;
				TARGETED_DEVICE_FAMILY = "1,2";
			};
			name = Debug;
		};
		E73E8317221DC72A006A86B2 /* Release */ = {
			isa = XCBuildConfiguration;
			buildSettings = {
				CODE_SIGN_IDENTITY = "";
				CODE_SIGN_STYLE = Automatic;
				DEFINES_MODULE = YES;
				DYLIB_COMPATIBILITY_VERSION = 1;
				DYLIB_CURRENT_VERSION = 1;
				DYLIB_INSTALL_NAME_BASE = "@rpath";
				INFOPLIST_FILE = MostlyAdequateGuide/Info.plist;
				INSTALL_PATH = "$(LOCAL_LIBRARY_DIR)/Frameworks";
				LD_RUNPATH_SEARCH_PATHS = (
					"$(inherited)",
					"@executable_path/Frameworks",
					"@loader_path/Frameworks",
				);
				PRODUCT_BUNDLE_IDENTIFIER = com.ethyreal.MostlyAdequateGuide;
				PRODUCT_NAME = "$(TARGET_NAME:c99extidentifier)";
				SKIP_INSTALL = YES;
				SWIFT_VERSION = 4.2;
				TARGETED_DEVICE_FAMILY = "1,2";
			};
			name = Release;
		};
		E73E8319221DC72A006A86B2 /* Debug */ = {
			isa = XCBuildConfiguration;
			buildSettings = {
				ALWAYS_EMBED_SWIFT_STANDARD_LIBRARIES = YES;
				CODE_SIGN_STYLE = Automatic;
				INFOPLIST_FILE = MostlyAdequateGuideTests/Info.plist;
				LD_RUNPATH_SEARCH_PATHS = (
					"$(inherited)",
					"@executable_path/Frameworks",
					"@loader_path/Frameworks",
				);
				PRODUCT_BUNDLE_IDENTIFIER = com.ethyreal.MostlyAdequateGuideTests;
				PRODUCT_NAME = "$(TARGET_NAME)";
				SWIFT_VERSION = 4.2;
				TARGETED_DEVICE_FAMILY = "1,2";
			};
			name = Debug;
		};
		E73E831A221DC72A006A86B2 /* Release */ = {
			isa = XCBuildConfiguration;
			buildSettings = {
				ALWAYS_EMBED_SWIFT_STANDARD_LIBRARIES = YES;
				CODE_SIGN_STYLE = Automatic;
				INFOPLIST_FILE = MostlyAdequateGuideTests/Info.plist;
				LD_RUNPATH_SEARCH_PATHS = (
					"$(inherited)",
					"@executable_path/Frameworks",
					"@loader_path/Frameworks",
				);
				PRODUCT_BUNDLE_IDENTIFIER = com.ethyreal.MostlyAdequateGuideTests;
				PRODUCT_NAME = "$(TARGET_NAME)";
				SWIFT_VERSION = 4.2;
				TARGETED_DEVICE_FAMILY = "1,2";
			};
			name = Release;
		};
/* End XCBuildConfiguration section */

/* Begin XCConfigurationList section */
		E73E82FB221DC72A006A86B2 /* Build configuration list for PBXProject "MostlyAdequateGuide" */ = {
			isa = XCConfigurationList;
			buildConfigurations = (
				E73E8313221DC72A006A86B2 /* Debug */,
				E73E8314221DC72A006A86B2 /* Release */,
			);
			defaultConfigurationIsVisible = 0;
			defaultConfigurationName = Release;
		};
		E73E8315221DC72A006A86B2 /* Build configuration list for PBXNativeTarget "MostlyAdequateGuide" */ = {
			isa = XCConfigurationList;
			buildConfigurations = (
				E73E8316221DC72A006A86B2 /* Debug */,
				E73E8317221DC72A006A86B2 /* Release */,
			);
			defaultConfigurationIsVisible = 0;
			defaultConfigurationName = Release;
		};
		E73E8318221DC72A006A86B2 /* Build configuration list for PBXNativeTarget "MostlyAdequateGuideTests" */ = {
			isa = XCConfigurationList;
			buildConfigurations = (
				E73E8319221DC72A006A86B2 /* Debug */,
				E73E831A221DC72A006A86B2 /* Release */,
			);
			defaultConfigurationIsVisible = 0;
			defaultConfigurationName = Release;
		};
/* End XCConfigurationList section */
	};
	rootObject = E73E82F8221DC72A006A86B2 /* Project object */;
}
